{
  "name": "bsc-thesis",
  "lockfileVersion": 2,
  "requires": true,
  "packages": {
    "": {
      "dependencies": {
        "chalk": "^5.3.0",
        "docker-compose": "^0.24.3"
      },
      "devDependencies": {
        "@types/node": "^20.10.4"
      }
    },
    "node_modules/@types/node": {
      "version": "20.10.4",
      "resolved": "https://artifactory.silabs.net/artifactory/api/npm/studio-silabs-npm-virtual/@types/node/-/node-20.10.4.tgz",
      "integrity": "sha512-D08YG6rr8X90YB56tSIuBaddy/UXAA9RKJoFvrsnogAum/0pmjkgi4+2nx96A330FmioegBWmEYQ+syqCFaveg==",
      "dev": true,
      "dependencies": {
        "undici-types": "~5.26.4"
      }
    },
    "node_modules/chalk": {
      "version": "5.3.0",
      "resolved": "https://artifactory.silabs.net/artifactory/api/npm/studio-silabs-npm-virtual/chalk/-/chalk-5.3.0.tgz",
      "integrity": "sha512-dLitG79d+GV1Nb/VYcCDFivJeK1hiukt9QjRNVOsUtTy1rR1YJsmpGGTZ3qJos+uw7WmWF4wUwBd9jxjocFC2w==",
      "engines": {
        "node": "^12.17.0 || ^14.13 || >=16.0.0"
      }
    },
    "node_modules/docker-compose": {
      "version": "0.24.3",
      "resolved": "https://artifactory.silabs.net/artifactory/api/npm/studio-silabs-npm-virtual/docker-compose/-/docker-compose-0.24.3.tgz",
      "integrity": "sha512-x3/QN3AIOMe7j2c8f/jcycizMft7dl8MluoB9OGPAYCyKHHiPUFqI9GjCcsU0kYy24vYKMCcfR6+5ZaEyQlrxg==",
      "dependencies": {
        "yaml": "^2.2.2"
      },
      "engines": {
        "node": ">= 6.0.0"
      }
    },
    "node_modules/undici-types": {
      "version": "5.26.5",
      "resolved": "https://artifactory.silabs.net/artifactory/api/npm/studio-silabs-npm-virtual/undici-types/-/undici-types-5.26.5.tgz",
      "integrity": "sha512-JlCMO+ehdEIKqlFxk6IfVoAUVmgz7cU7zD/h9XZ0qzeosSHmUJVOzSQvvYSYWXkFXC+IfLKSIffhv0sVZup6pA==",
      "dev": true
    },
    "node_modules/yaml": {
      "version": "2.3.4",
      "resolved": "https://artifactory.silabs.net/artifactory/api/npm/studio-silabs-npm-virtual/yaml/-/yaml-2.3.4.tgz",
      "integrity": "sha512-8aAvwVUSHpfEqTQ4w/KMlf3HcRdt50E5ODIQJBw1fQ5RL34xabzxtUlzTXVqc4rkZsPbvrXKWnABCD7kWSmocA==",
      "engines": {
        "node": ">= 14"
      }
    }
  },
  "dependencies": {
    "@types/node": {
      "version": "20.10.4",
      "resolved": "https://artifactory.silabs.net/artifactory/api/npm/studio-silabs-npm-virtual/@types/node/-/node-20.10.4.tgz",
      "integrity": "sha512-D08YG6rr8X90YB56tSIuBaddy/UXAA9RKJoFvrsnogAum/0pmjkgi4+2nx96A330FmioegBWmEYQ+syqCFaveg==",
      "dev": true,
      "requires": {
        "undici-types": "~5.26.4"
      }
    },
    "chalk": {
      "version": "5.3.0",
      "resolved": "https://artifactory.silabs.net/artifactory/api/npm/studio-silabs-npm-virtual/chalk/-/chalk-5.3.0.tgz",
      "integrity": "sha512-dLitG79d+GV1Nb/VYcCDFivJeK1hiukt9QjRNVOsUtTy1rR1YJsmpGGTZ3qJos+uw7WmWF4wUwBd9jxjocFC2w=="
    },
    "docker-compose": {
      "version": "0.24.3",
      "resolved": "https://artifactory.silabs.net/artifactory/api/npm/studio-silabs-npm-virtual/docker-compose/-/docker-compose-0.24.3.tgz",
      "integrity": "sha512-x3/QN3AIOMe7j2c8f/jcycizMft7dl8MluoB9OGPAYCyKHHiPUFqI9GjCcsU0kYy24vYKMCcfR6+5ZaEyQlrxg==",
      "requires": {
        "yaml": "^2.2.2"
      }
    },
    "undici-types": {
      "version": "5.26.5",
      "resolved": "https://artifactory.silabs.net/artifactory/api/npm/studio-silabs-npm-virtual/undici-types/-/undici-types-5.26.5.tgz",
      "integrity": "sha512-JlCMO+ehdEIKqlFxk6IfVoAUVmgz7cU7zD/h9XZ0qzeosSHmUJVOzSQvvYSYWXkFXC+IfLKSIffhv0sVZup6pA==",
      "dev": true
    },
    "yaml": {
      "version": "2.3.4",
      "resolved": "https://artifactory.silabs.net/artifactory/api/npm/studio-silabs-npm-virtual/yaml/-/yaml-2.3.4.tgz",
      "integrity": "sha512-8aAvwVUSHpfEqTQ4w/KMlf3HcRdt50E5ODIQJBw1fQ5RL34xabzxtUlzTXVqc4rkZsPbvrXKWnABCD7kWSmocA=="
    }
  }
}
